Microsoft Visual Studio Solution File, Format Version 11.00
# Visual Studio 2008

Project("{D3746012-B25E-C21C-842B-C0974FCAD50F}") = "Unity Robot Demo", "Assembly-CSharp-firstpass.csproj", "{4C39CB02-50B9-DEDE-7956-98E8D1FA6A32}"
EndProject
Project("{D3746012-B25E-C21C-842B-C0974FCAD50F}") = "Unity Robot Demo", "Assembly-UnityScript-firstpass.unityproj", "{1D181132-10D8-2722-ADCD-346FB5939FB2}"
EndProject
Project("{D3746012-B25E-C21C-842B-C0974FCAD50F}") = "Unity Robot Demo", "Assembly-UnityScript.unityproj", "{46D26EF0-7D14-F3FF-AD43-91FC081909C0}"
EndProject
Global
	GlobalSection(SolutionConfigurationPlatforms) = preSolution
		Debug|Any CPU = Debug|Any CPU
		Release|Any CPU = Release|Any CPU
	EndGlobalSection
	GlobalSection(ProjectConfigurationPlatforms) = postSolution
		{4C39CB02-50B9-DEDE-7956-98E8D1FA6A32}.Debug|Any CPU.ActiveCfg = Debug|Any CPU
		{4C39CB02-50B9-DEDE-7956-98E8D1FA6A32}.Debug|Any CPU.Build.0 = Debug|Any CPU
		{4C39CB02-50B9-DEDE-7956-98E8D1FA6A32}.Release|Any CPU.ActiveCfg = Release|Any CPU
		{4C39CB02-50B9-DEDE-7956-98E8D1FA6A32}.Release|Any CPU.Build.0 = Release|Any CPU
		{1D181132-10D8-2722-ADCD-346FB5939FB2}.Debug|Any CPU.ActiveCfg = Debug|Any CPU
		{1D181132-10D8-2722-ADCD-346FB5939FB2}.Debug|Any CPU.Build.0 = Debug|Any CPU
		{1D181132-10D8-2722-ADCD-346FB5939FB2}.Release|Any CPU.ActiveCfg = Release|Any CPU
		{1D181132-10D8-2722-ADCD-346FB5939FB2}.Release|Any CPU.Build.0 = Release|Any CPU
		{46D26EF0-7D14-F3FF-AD43-91FC081909C0}.Debug|Any CPU.ActiveCfg = Debug|Any CPU
		{46D26EF0-7D14-F3FF-AD43-91FC081909C0}.Debug|Any CPU.Build.0 = Debug|Any CPU
		{46D26EF0-7D14-F3FF-AD43-91FC081909C0}.Release|Any CPU.ActiveCfg = Release|Any CPU
		{46D26EF0-7D14-F3FF-AD43-91FC081909C0}.Release|Any CPU.Build.0 = Release|Any CPU
	EndGlobalSection
	GlobalSection(SolutionProperties) = preSolution
		HideSolutionNode = FALSE
	EndGlobalSection
	GlobalSection(MonoDevelopProperties) = preSolution
		StartupItem = Assembly-CSharp.csproj
		Policies = $0
		$0.TextStylePolicy = $1
		$1.inheritsSet = null
		$1.scope = text/x-csharp
		$0.CSharpFormattingPolicy = $2
		$2.inheritsSet = Mono
		$2.inheritsScope = text/x-csharp
		$2.scope = text/x-csharp
		$0.TextStylePolicy = $3
		$3.FileWidth = 120
		$3.TabWidth = 4
		$3.EolMarker = Unix
		$3.inheritsSet = Mono
		$3.inheritsScope = text/plain
		$3.scope = text/plain
	EndGlobalSection
EndGlobal
